
Microsoft Visual Studio Solution File, Format Version 12.00
# Visual Studio Version 17
VisualStudioVersion = 17.2.32516.85
MinimumVisualStudioVersion = 10.0.40219.1
Project("{888888A0-9F3D-457C-B088-3A5042F75D52}") = "Preply_Analysis1", "Preply_Analysis1.pyproj", "{7C3F9259-E92F-4E5B-9678-155E119D5171}"
EndProject
Global
	GlobalSection(SolutionConfigurationPlatforms) = preSolution
		Debug|Any CPU = Debug|Any CPU
		Release|Any CPU = Release|Any CPU
	EndGlobalSection
	GlobalSection(ProjectConfigurationPlatforms) = postSolution
		{7C3F9259-E92F-4E5B-9678-155E119D5171}.Debug|Any CPU.ActiveCfg = Debug|Any CPU
		{7C3F9259-E92F-4E5B-9678-155E119D5171}.Release|Any CPU.ActiveCfg = Release|Any CPU
	EndGlobalSection
	GlobalSection(SolutionProperties) = preSolution
		HideSolutionNode = FALSE
	EndGlobalSection
	GlobalSection(ExtensibilityGlobals) = postSolution
		SolutionGuid = {26067E32-B4A4-4B83-9BCC-947CC9AE6672}
	EndGlobalSection
EndGlobal
